
Microsoft Visual Studio Solution File, Format Version 12.00
# Visual Studio 15
VisualStudioVersion = 15.0.28010.2036
MinimumVisualStudioVersion = 10.0.40219.1
Project("{8BC9CEB8-8B4A-11D0-8D11-00A0C91BC942}") = "PEB.Screen_Net.UI", "Solution_finder\Solution_finder.vcxproj", "{04AF0080-DC4A-4C41-8737-A735DDA3030E}"
EndProject
Project("{8BC9CEB8-8B4A-11D0-8D11-00A0C91BC942}") = "PEB.Screen_Net.Net", "PEB.Screen_Net.Net\PEB.Screen_Net.Net\PEB.Screen_Net.Net.vcxproj", "{2D6BAF7D-B544-4957-9EA9-FBE53FB544F2}"
EndProject
Project("{8BC9CEB8-8B4A-11D0-8D11-00A0C91BC942}") = "PEB.Screen_Net.Test", "PEB.Screen_Net.Test2\PEB.Screen_Net.Test2\PEB.Screen_Net.Test2.vcxproj", "{ED9E59B5-4979-40A0-AAE1-D9907BADFCE7}"
EndProject
Project("{8BC9CEB8-8B4A-11D0-8D11-00A0C91BC942}") = "PEB.Display.Graph", "PEB.Display.Graph\PEB.Display.Graph.vcxproj", "{6A89A610-87E1-4CE8-B6D5-32578F285C3F}"
EndProject
Project("{8BC9CEB8-8B4A-11D0-8D11-00A0C91BC942}") = "PEB.Utility", "PEB.Utility\PEB.Utility.vcxproj", "{B359AF88-9E37-4FBF-B96D-211E82F3732D}"
EndProject
Global
	GlobalSection(SolutionConfigurationPlatforms) = preSolution
		Debug|x64 = Debug|x64
		Debug|x86 = Debug|x86
		Release|x64 = Release|x64
		Release|x86 = Release|x86
	EndGlobalSection
	GlobalSection(ProjectConfigurationPlatforms) = postSolution
		{04AF0080-DC4A-4C41-8737-A735DDA3030E}.Debug|x64.ActiveCfg = Debug|x64
		{04AF0080-DC4A-4C41-8737-A735DDA3030E}.Debug|x64.Build.0 = Debug|x64
		{04AF0080-DC4A-4C41-8737-A735DDA3030E}.Debug|x86.ActiveCfg = Debug|Win32
		{04AF0080-DC4A-4C41-8737-A735DDA3030E}.Debug|x86.Build.0 = Debug|Win32
		{04AF0080-DC4A-4C41-8737-A735DDA3030E}.Release|x64.ActiveCfg = Release|x64
		{04AF0080-DC4A-4C41-8737-A735DDA3030E}.Release|x64.Build.0 = Release|x64
		{04AF0080-DC4A-4C41-8737-A735DDA3030E}.Release|x86.ActiveCfg = Release|Win32
		{04AF0080-DC4A-4C41-8737-A735DDA3030E}.Release|x86.Build.0 = Release|Win32
		{2D6BAF7D-B544-4957-9EA9-FBE53FB544F2}.Debug|x64.ActiveCfg = Debug|x64
		{2D6BAF7D-B544-4957-9EA9-FBE53FB544F2}.Debug|x64.Build.0 = Debug|x64
		{2D6BAF7D-B544-4957-9EA9-FBE53FB544F2}.Debug|x86.ActiveCfg = Debug|Win32
		{2D6BAF7D-B544-4957-9EA9-FBE53FB544F2}.Debug|x86.Build.0 = Debug|Win32
		{2D6BAF7D-B544-4957-9EA9-FBE53FB544F2}.Release|x64.ActiveCfg = Release|x64
		{2D6BAF7D-B544-4957-9EA9-FBE53FB544F2}.Release|x64.Build.0 = Release|x64
		{2D6BAF7D-B544-4957-9EA9-FBE53FB544F2}.Release|x86.ActiveCfg = Release|Win32
		{2D6BAF7D-B544-4957-9EA9-FBE53FB544F2}.Release|x86.Build.0 = Release|Win32
		{ED9E59B5-4979-40A0-AAE1-D9907BADFCE7}.Debug|x64.ActiveCfg = Debug|x64
		{ED9E59B5-4979-40A0-AAE1-D9907BADFCE7}.Debug|x64.Build.0 = Debug|x64
		{ED9E59B5-4979-40A0-AAE1-D9907BADFCE7}.Debug|x86.ActiveCfg = Debug|Win32
		{ED9E59B5-4979-40A0-AAE1-D9907BADFCE7}.Debug|x86.Build.0 = Debug|Win32
		{ED9E59B5-4979-40A0-AAE1-D9907BADFCE7}.Release|x64.ActiveCfg = Release|x64
		{ED9E59B5-4979-40A0-AAE1-D9907BADFCE7}.Release|x64.Build.0 = Release|x64
		{ED9E59B5-4979-40A0-AAE1-D9907BADFCE7}.Release|x86.ActiveCfg = Release|Win32
		{ED9E59B5-4979-40A0-AAE1-D9907BADFCE7}.Release|x86.Build.0 = Release|Win32
		{6A89A610-87E1-4CE8-B6D5-32578F285C3F}.Debug|x64.ActiveCfg = Debug|x64
		{6A89A610-87E1-4CE8-B6D5-32578F285C3F}.Debug|x64.Build.0 = Debug|x64
		{6A89A610-87E1-4CE8-B6D5-32578F285C3F}.Debug|x86.ActiveCfg = Debug|Win32
		{6A89A610-87E1-4CE8-B6D5-32578F285C3F}.Debug|x86.Build.0 = Debug|Win32
		{6A89A610-87E1-4CE8-B6D5-32578F285C3F}.Release|x64.ActiveCfg = Release|x64
		{6A89A610-87E1-4CE8-B6D5-32578F285C3F}.Release|x64.Build.0 = Release|x64
		{6A89A610-87E1-4CE8-B6D5-32578F285C3F}.Release|x86.ActiveCfg = Release|Win32
		{6A89A610-87E1-4CE8-B6D5-32578F285C3F}.Release|x86.Build.0 = Release|Win32
		{B359AF88-9E37-4FBF-B96D-211E82F3732D}.Debug|x64.ActiveCfg = Debug|x64
		{B359AF88-9E37-4FBF-B96D-211E82F3732D}.Debug|x64.Build.0 = Debug|x64
		{B359AF88-9E37-4FBF-B96D-211E82F3732D}.Debug|x86.ActiveCfg = Debug|Win32
		{B359AF88-9E37-4FBF-B96D-211E82F3732D}.Debug|x86.Build.0 = Debug|Win32
		{B359AF88-9E37-4FBF-B96D-211E82F3732D}.Release|x64.ActiveCfg = Release|x64
		{B359AF88-9E37-4FBF-B96D-211E82F3732D}.Release|x64.Build.0 = Release|x64
		{B359AF88-9E37-4FBF-B96D-211E82F3732D}.Release|x86.ActiveCfg = Release|Win32
		{B359AF88-9E37-4FBF-B96D-211E82F3732D}.Release|x86.Build.0 = Release|Win32
	EndGlobalSection
	GlobalSection(SolutionProperties) = preSolution
		HideSolutionNode = FALSE
	EndGlobalSection
	GlobalSection(ExtensibilityGlobals) = postSolution
		SolutionGuid = {0495FFC4-7F4A-4FD4-90AF-800AF690F8AE}
	EndGlobalSection
EndGlobal
